<?xml version="1.0" encoding="utf-8"?>
<Project ToolsVersion="4.0" xmlns="http://schemas.microsoft.com/developer/msbuild/2003">
  <ItemGroup>
    <Filter Include="ソース ファイル">
      <UniqueIdentifier>{0841681b-8528-4a9e-80db-863a96c97619}</UniqueIdentifier>
    </Filter>
    <Filter Include="生成されたファイル">
      <UniqueIdentifier>{3fca424d-3994-40e0-8e7c-a0c9fbc0d0aa}</UniqueIdentifier>
      <SourceControlFiles>False</SourceControlFiles>
    </Filter>
  </ItemGroup>
  <ItemGroup>
    <None Include="IClassFactory2ps.def" />
  </ItemGroup>
  <ItemGroup>
    <ClCompile Include="IClassFactory2_i.c">
      <Filter>生成されたファイル</Filter>
    </ClCompile>
    <ClCompile Include="IClassFactory2_p.c">
      <Filter>生成されたファイル</Filter>
    </ClCompile>
    <ClCompile Include="dlldata.c">
      <Filter>生成されたファイル</Filter>
    </ClCompile>
  </ItemGroup>
</Project>